
Microsoft Visual Studio Solution File, Format Version 12.00
# Visual Studio Version 17
VisualStudioVersion = 17.8.34330.188
MinimumVisualStudioVersion = 10.0.40219.1
Project("{9A19103F-16F7-4668-BE54-9A1E7A4F7556}") = "JobSyncWebApi", "JobSyncWebApi\JobSyncWebApi.csproj", "{BB958BDF-5994-4DF1-BD0D-1460B935B5BD}"
EndProject
Project("{9A19103F-16F7-4668-BE54-9A1E7A4F7556}") = "JobSyncWebUI", "JobSyncWebUI\JobSyncWebUI.csproj", "{0F59998B-3DCB-4A40-A533-12029D895F7A}"
EndProject
Global
	GlobalSection(SolutionConfigurationPlatforms) = preSolution
		Debug|Any CPU = Debug|Any CPU
		Release|Any CPU = Release|Any CPU
	EndGlobalSection
	GlobalSection(ProjectConfigurationPlatforms) = postSolution
		{BB958BDF-5994-4DF1-BD0D-1460B935B5BD}.Debug|Any CPU.ActiveCfg = Debug|Any CPU
		{BB958BDF-5994-4DF1-BD0D-1460B935B5BD}.Debug|Any CPU.Build.0 = Debug|Any CPU
		{BB958BDF-5994-4DF1-BD0D-1460B935B5BD}.Release|Any CPU.ActiveCfg = Release|Any CPU
		{BB958BDF-5994-4DF1-BD0D-1460B935B5BD}.Release|Any CPU.Build.0 = Release|Any CPU
		{0F59998B-3DCB-4A40-A533-12029D895F7A}.Debug|Any CPU.ActiveCfg = Debug|Any CPU
		{0F59998B-3DCB-4A40-A533-12029D895F7A}.Debug|Any CPU.Build.0 = Debug|Any CPU
		{0F59998B-3DCB-4A40-A533-12029D895F7A}.Release|Any CPU.ActiveCfg = Release|Any CPU
		{0F59998B-3DCB-4A40-A533-12029D895F7A}.Release|Any CPU.Build.0 = Release|Any CPU
	EndGlobalSection
	GlobalSection(SolutionProperties) = preSolution
		HideSolutionNode = FALSE
	EndGlobalSection
	GlobalSection(ExtensibilityGlobals) = postSolution
		SolutionGuid = {C708E6A8-60E8-44D6-8E6C-C7CB4929E99A}
	EndGlobalSection
EndGlobal
